// !$*UTF8*$!
{
	archiveVersion = 1;
	classes = {
	};
	objectVersion = 56;
	objects = {

/* Begin PBXBuildFile section */
		0D9C2F7F2A0476520036AF15 /* AppDelegate.swift in Sources */ = {isa = PBXBuildFile; fileRef = 0D9C2F7E2A0476520036AF15 /* AppDelegate.swift */; };
		0D9C2F812A0476520036AF15 /* SceneDelegate.swift in Sources */ = {isa = PBXBuildFile; fileRef = 0D9C2F802A0476520036AF15 /* SceneDelegate.swift */; };
		0D9C2F832A0476520036AF15 /* ViewController.swift in Sources */ = {isa = PBXBuildFile; fileRef = 0D9C2F822A0476520036AF15 /* ViewController.swift */; };
		0D9C2F862A0476520036AF15 /* Main.storyboard in Resources */ = {isa = PBXBuildFile; fileRef = 0D9C2F842A0476520036AF15 /* Main.storyboard */; };
		0D9C2F892A0476520036AF15 /* Recipes.xcdatamodeld in Sources */ = {isa = PBXBuildFile; fileRef = 0D9C2F872A0476520036AF15 /* Recipes.xcdatamodeld */; };
		0D9C2F8B2A0476580036AF15 /* Assets.xcassets in Resources */ = {isa = PBXBuildFile; fileRef = 0D9C2F8A2A0476580036AF15 /* Assets.xcassets */; };
		0D9C2F8E2A0476580036AF15 /* LaunchScreen.storyboard in Resources */ = {isa = PBXBuildFile; fileRef = 0D9C2F8C2A0476580036AF15 /* LaunchScreen.storyboard */; };
		0D9C2F992A0476580036AF15 /* RecipesTests.swift in Sources */ = {isa = PBXBuildFile; fileRef = 0D9C2F982A0476580036AF15 /* RecipesTests.swift */; };
		0D9C2FA32A0476580036AF15 /* RecipesUITests.swift in Sources */ = {isa = PBXBuildFile; fileRef = 0D9C2FA22A0476580036AF15 /* RecipesUITests.swift */; };
		0D9C2FA52A0476580036AF15 /* RecipesUITestsLaunchTests.swift in Sources */ = {isa = PBXBuildFile; fileRef = 0D9C2FA42A0476580036AF15 /* RecipesUITestsLaunchTests.swift */; };
/* End PBXBuildFile section */

/* Begin PBXContainerItemProxy section */
		0D9C2F952A0476580036AF15 /* PBXContainerItemProxy */ = {
			isa = PBXContainerItemProxy;
			containerPortal = 0D9C2F732A0476520036AF15 /* Project object */;
			proxyType = 1;
			remoteGlobalIDString = 0D9C2F7A2A0476520036AF15;
			remoteInfo = Recipes;
		};
		0D9C2F9F2A0476580036AF15 /* PBXContainerItemProxy */ = {
			isa = PBXContainerItemProxy;
			containerPortal = 0D9C2F732A0476520036AF15 /* Project object */;
			proxyType = 1;
			remoteGlobalIDString = 0D9C2F7A2A0476520036AF15;
			remoteInfo = Recipes;
		};
/* End PBXContainerItemProxy section */

/* Begin PBXFileReference section */
		0D9C2F7B2A0476520036AF15 /* Recipes.app */ = {isa = PBXFileReference; explicitFileType = wrapper.application; includeInIndex = 0; path = Recipes.app; sourceTree = BUILT_PRODUCTS_DIR; };
		0D9C2F7E2A0476520036AF15 /* AppDelegate.swift */ = {isa = PBXFileReference; lastKnownFileType = sourcecode.swift; path = AppDelegate.swift; sourceTree = "<group>"; };
		0D9C2F802A0476520036AF15 /* SceneDelegate.swift */ = {isa = PBXFileReference; lastKnownFileType = sourcecode.swift; path = SceneDelegate.swift; sourceTree = "<group>"; };
		0D9C2F822A0476520036AF15 /* ViewController.swift */ = {isa = PBXFileReference; lastKnownFileType = sourcecode.swift; path = ViewController.swift; sourceTree = "<group>"; };
		0D9C2F852A0476520036AF15 /* Base */ = {isa = PBXFileReference; lastKnownFileType = file.storyboard; name = Base; path = Base.lproj/Main.storyboard; sourceTree = "<group>"; };
		0D9C2F882A0476520036AF15 /* Recipes.xcdatamodel */ = {isa = PBXFileReference; lastKnownFileType = wrapper.xcdatamodel; path = Recipes.xcdatamodel; sourceTree = "<group>"; };
		0D9C2F8A2A0476580036AF15 /* Assets.xcassets */ = {isa = PBXFileReference; lastKnownFileType = folder.assetcatalog; path = Assets.xcassets; sourceTree = "<group>"; };
		0D9C2F8D2A0476580036AF15 /* Base */ = {isa = PBXFileReference; lastKnownFileType = file.storyboard; name = Base; path = Base.lproj/LaunchScreen.storyboard; sourceTree = "<group>"; };
		0D9C2F8F2A0476580036AF15 /* Info.plist */ = {isa = PBXFileReference; lastKnownFileType = text.plist.xml; path = Info.plist; sourceTree = "<group>"; };
		0D9C2F942A0476580036AF15 /* RecipesTests.xctest */ = {isa = PBXFileReference; explicitFileType = wrapper.cfbundle; includeInIndex = 0; path = RecipesTests.xctest; sourceTree = BUILT_PRODUCTS_DIR; };
		0D9C2F982A0476580036AF15 /* RecipesTests.swift */ = {isa = PBXFileReference; lastKnownFileType = sourcecode.swift; path = RecipesTests.swift; sourceTree = "<group>"; };
		0D9C2F9E2A0476580036AF15 /* RecipesUITests.xctest */ = {isa = PBXFileReference; explicitFileType = wrapper.cfbundle; includeInIndex = 0; path = RecipesUITests.xctest; sourceTree = BUILT_PRODUCTS_DIR; };
		0D9C2FA22A0476580036AF15 /* RecipesUITests.swift */ = {isa = PBXFileReference; lastKnownFileType = sourcecode.swift; path = RecipesUITests.swift; sourceTree = "<group>"; };
		0D9C2FA42A0476580036AF15 /* RecipesUITestsLaunchTests.swift */ = {isa = PBXFileReference; lastKnownFileType = sourcecode.swift; path = RecipesUITestsLaunchTests.swift; sourceTree = "<group>"; };
/* End PBXFileReference section */

/* Begin PBXFrameworksBuildPhase section */
		0D9C2F782A0476520036AF15 /* Frameworks */ = {
			isa = PBXFrameworksBuildPhase;
			buildActionMask = 2147483647;
			files = (
			);
			runOnlyForDeploymentPostprocessing = 0;
		};
		0D9C2F912A0476580036AF15 /* Frameworks */ = {
			isa = PBXFrameworksBuildPhase;
			buildActionMask = 2147483647;
			files = (
			);
			runOnlyForDeploymentPostprocessing = 0;
		};
		0D9C2F9B2A0476580036AF15 /* Frameworks */ = {
			isa = PBXFrameworksBuildPhase;
			buildActionMask = 2147483647;
			files = (
			);
			runOnlyForDeploymentPostprocessing = 0;
		};
/* End PBXFrameworksBuildPhase section */

/* Begin PBXGroup section */
		0D9C2F722A0476520036AF15 = {
			isa = PBXGroup;
			children = (
				0D9C2F7D2A0476520036AF15 /* Recipes */,
				0D9C2F972A0476580036AF15 /* RecipesTests */,
				0D9C2FA12A0476580036AF15 /* RecipesUITests */,
				0D9C2F7C2A0476520036AF15 /* Products */,
			);
			sourceTree = "<group>";
		};
		0D9C2F7C2A0476520036AF15 /* Products */ = {
			isa = PBXGroup;
			children = (
				0D9C2F7B2A0476520036AF15 /* Recipes.app */,
				0D9C2F942A0476580036AF15 /* RecipesTests.xctest */,
				0D9C2F9E2A0476580036AF15 /* RecipesUITests.xctest */,
			);
			name = Products;
			sourceTree = "<group>";
		};
		0D9C2F7D2A0476520036AF15 /* Recipes */ = {
			isa = PBXGroup;
			children = (
				0D9C2F7E2A0476520036AF15 /* AppDelegate.swift */,
				0D9C2F802A0476520036AF15 /* SceneDelegate.swift */,
				0D9C2F822A0476520036AF15 /* ViewController.swift */,
				0D9C2F842A0476520036AF15 /* Main.storyboard */,
				0D9C2F8A2A0476580036AF15 /* Assets.xcassets */,
				0D9C2F8C2A0476580036AF15 /* LaunchScreen.storyboard */,
				0D9C2F8F2A0476580036AF15 /* Info.plist */,
				0D9C2F872A0476520036AF15 /* Recipes.xcdatamodeld */,
			);
			path = Recipes;
			sourceTree = "<group>";
		};
		0D9C2F972A0476580036AF15 /* RecipesTests */ = {
			isa = PBXGroup;
			children = (
				0D9C2F982A0476580036AF15 /* RecipesTests.swift */,
			);
			path = RecipesTests;
			sourceTree = "<group>";
		};
		0D9C2FA12A0476580036AF15 /* RecipesUITests */ = {
			isa = PBXGroup;
			children = (
				0D9C2FA22A0476580036AF15 /* RecipesUITests.swift */,
				0D9C2FA42A0476580036AF15 /* RecipesUITestsLaunchTests.swift */,
			);
			path = RecipesUITests;
			sourceTree = "<group>";
		};
/* End PBXGroup section */

/* Begin PBXNativeTarget section */
		0D9C2F7A2A0476520036AF15 /* Recipes */ = {
			isa = PBXNativeTarget;
			buildConfigurationList = 0D9C2FA82A0476580036AF15 /* Build configuration list for PBXNativeTarget "Recipes" */;
			buildPhases = (
				0D9C2F772A0476520036AF15 /* Sources */,
				0D9C2F782A0476520036AF15 /* Frameworks */,
				0D9C2F792A0476520036AF15 /* Resources */,
			);
			buildRules = (
			);
			dependencies = (
			);
			name = Recipes;
			productName = Recipes;
			productReference = 0D9C2F7B2A0476520036AF15 /* Recipes.app */;
			productType = "com.apple.product-type.application";
		};
		0D9C2F932A0476580036AF15 /* RecipesTests */ = {
			isa = PBXNativeTarget;
			buildConfigurationList = 0D9C2FAB2A0476580036AF15 /* Build configuration list for PBXNativeTarget "RecipesTests" */;
			buildPhases = (
				0D9C2F902A0476580036AF15 /* Sources */,
				0D9C2F912A0476580036AF15 /* Frameworks */,
				0D9C2F922A0476580036AF15 /* Resources */,
			);
			buildRules = (
			);
			dependencies = (
				0D9C2F962A0476580036AF15 /* PBXTargetDependency */,
			);
			name = RecipesTests;
			productName = RecipesTests;
			productReference = 0D9C2F942A0476580036AF15 /* RecipesTests.xctest */;
			productType = "com.apple.product-type.bundle.unit-test";
		};
		0D9C2F9D2A0476580036AF15 /* RecipesUITests */ = {
			isa = PBXNativeTarget;
			buildConfigurationList = 0D9C2FAE2A0476580036AF15 /* Build configuration list for PBXNativeTarget "RecipesUITests" */;
			buildPhases = (
				0D9C2F9A2A0476580036AF15 /* Sources */,
				0D9C2F9B2A0476580036AF15 /* Frameworks */,
				0D9C2F9C2A0476580036AF15 /* Resources */,
			);
			buildRules = (
			);
			dependencies = (
				0D9C2FA02A0476580036AF15 /* PBXTargetDependency */,
			);
			name = RecipesUITests;
			productName = RecipesUITests;
			productReference = 0D9C2F9E2A0476580036AF15 /* RecipesUITests.xctest */;
			productType = "com.apple.product-type.bundle.ui-testing";
		};
/* End PBXNativeTarget section */

/* Begin PBXProject section */
		0D9C2F732A0476520036AF15 /* Project object */ = {
			isa = PBXProject;
			attributes = {
				BuildIndependentTargetsInParallel = 1;
				LastSwiftUpdateCheck = 1420;
				LastUpgradeCheck = 1420;
				TargetAttributes = {
					0D9C2F7A2A0476520036AF15 = {
						CreatedOnToolsVersion = 14.2;
					};
					0D9C2F932A0476580036AF15 = {
						CreatedOnToolsVersion = 14.2;
						TestTargetID = 0D9C2F7A2A0476520036AF15;
					};
					0D9C2F9D2A0476580036AF15 = {
						CreatedOnToolsVersion = 14.2;
						TestTargetID = 0D9C2F7A2A0476520036AF15;
					};
				};
			};
			buildConfigurationList = 0D9C2F762A0476520036AF15 /* Build configuration list for PBXProject "Recipes" */;
			compatibilityVersion = "Xcode 14.0";
			developmentRegion = en;
			hasScannedForEncodings = 0;
			knownRegions = (
				en,
				Base,
			);
			mainGroup = 0D9C2F722A0476520036AF15;
			productRefGroup = 0D9C2F7C2A0476520036AF15 /* Products */;
			projectDirPath = "";
			projectRoot = "";
			targets = (
				0D9C2F7A2A0476520036AF15 /* Recipes */,
				0D9C2F932A0476580036AF15 /* RecipesTests */,
				0D9C2F9D2A0476580036AF15 /* RecipesUITests */,
			);
		};
/* End PBXProject section */

/* Begin PBXResourcesBuildPhase section */
		0D9C2F792A0476520036AF15 /* Resources */ = {
			isa = PBXResourcesBuildPhase;
			buildActionMask = 2147483647;
			files = (
				0D9C2F8E2A0476580036AF15 /* LaunchScreen.storyboard in Resources */,
				0D9C2F8B2A0476580036AF15 /* Assets.xcassets in Resources */,
				0D9C2F862A0476520036AF15 /* Main.storyboard in Resources */,
			);
			runOnlyForDeploymentPostprocessing = 0;
		};
		0D9C2F922A0476580036AF15 /* Resources */ = {
			isa = PBXResourcesBuildPhase;
			buildActionMask = 2147483647;
			files = (
			);
			runOnlyForDeploymentPostprocessing = 0;
		};
		0D9C2F9C2A0476580036AF15 /* Resources */ = {
			isa = PBXResourcesBuildPhase;
			buildActionMask = 2147483647;
			files = (
			);
			runOnlyForDeploymentPostprocessing = 0;
		};
/* End PBXResourcesBuildPhase section */

/* Begin PBXSourcesBuildPhase section */
		0D9C2F772A0476520036AF15 /* Sources */ = {
			isa = PBXSourcesBuildPhase;
			buildActionMask = 2147483647;
			files = (
				0D9C2F832A0476520036AF15 /* ViewController.swift in Sources */,
				0D9C2F7F2A0476520036AF15 /* AppDelegate.swift in Sources */,
				0D9C2F812A0476520036AF15 /* SceneDelegate.swift in Sources */,
				0D9C2F892A0476520036AF15 /* Recipes.xcdatamodeld in Sources */,
			);
			runOnlyForDeploymentPostprocessing = 0;
		};
		0D9C2F902A0476580036AF15 /* Sources */ = {
			isa = PBXSourcesBuildPhase;
			buildActionMask = 2147483647;
			files = (
				0D9C2F992A0476580036AF15 /* RecipesTests.swift in Sources */,
			);
			runOnlyForDeploymentPostprocessing = 0;
		};
		0D9C2F9A2A0476580036AF15 /* Sources */ = {
			isa = PBXSourcesBuildPhase;
			buildActionMask = 2147483647;
			files = (
				0D9C2FA52A0476580036AF15 /* RecipesUITestsLaunchTests.swift in Sources */,
				0D9C2FA32A0476580036AF15 /* RecipesUITests.swift in Sources */,
			);
			runOnlyForDeploymentPostprocessing = 0;
		};
/* End PBXSourcesBuildPhase section */

/* Begin PBXTargetDependency section */
		0D9C2F962A0476580036AF15 /* PBXTargetDependency */ = {
			isa = PBXTargetDependency;
			target = 0D9C2F7A2A0476520036AF15 /* Recipes */;
			targetProxy = 0D9C2F952A0476580036AF15 /* PBXContainerItemProxy */;
		};
		0D9C2FA02A0476580036AF15 /* PBXTargetDependency */ = {
			isa = PBXTargetDependency;
			target = 0D9C2F7A2A0476520036AF15 /* Recipes */;
			targetProxy = 0D9C2F9F2A0476580036AF15 /* PBXContainerItemProxy */;
		};
/* End PBXTargetDependency section */

/* Begin PBXVariantGroup section */
		0D9C2F842A0476520036AF15 /* Main.storyboard */ = {
			isa = PBXVariantGroup;
			children = (
				0D9C2F852A0476520036AF15 /* Base */,
			);
			name = Main.storyboard;
			sourceTree = "<group>";
		};
		0D9C2F8C2A0476580036AF15 /* LaunchScreen.storyboard */ = {
			isa = PBXVariantGroup;
			children = (
				0D9C2F8D2A0476580036AF15 /* Base */,
			);
			name = LaunchScreen.storyboard;
			sourceTree = "<group>";
		};
/* End PBXVariantGroup section */

/* Begin XCBuildConfiguration section */
		0D9C2FA62A0476580036AF15 /* Debug */ = {
			isa = XCBuildConfiguration;
			buildSettings = {
				ALWAYS_SEARCH_USER_PATHS = NO;
				CLANG_ANALYZER_NONNULL = YES;
				CLANG_ANALYZER_NUMBER_OBJECT_CONVERSION = YES_AGGRESSIVE;
				CLANG_CXX_LANGUAGE_STANDARD = "gnu++20";
				CLANG_ENABLE_MODULES = YES;
				CLANG_ENABLE_OBJC_ARC = YES;
				CLANG_ENABLE_OBJC_WEAK = YES;
				CLANG_WARN_BLOCK_CAPTURE_AUTORELEASING = YES;
				CLANG_WARN_BOOL_CONVERSION = YES;
				CLANG_WARN_COMMA = YES;
				CLANG_WARN_CONSTANT_CONVERSION = YES;
				CLANG_WARN_DEPRECATED_OBJC_IMPLEMENTATIONS = YES;
				CLANG_WARN_DIRECT_OBJC_ISA_USAGE = YES_ERROR;
				CLANG_WARN_DOCUMENTATION_COMMENTS = YES;
				CLANG_WARN_EMPTY_BODY = YES;
				CLANG_WARN_ENUM_CONVERSION = YES;
				CLANG_WARN_INFINITE_RECURSION = YES;
				CLANG_WARN_INT_CONVERSION = YES;
				CLANG_WARN_NON_LITERAL_NULL_CONVERSION = YES;
				CLANG_WARN_OBJC_IMPLICIT_RETAIN_SELF = YES;
				CLANG_WARN_OBJC_LITERAL_CONVERSION = YES;
				CLANG_WARN_OBJC_ROOT_CLASS = YES_ERROR;
				CLANG_WARN_QUOTED_INCLUDE_IN_FRAMEWORK_HEADER = YES;
				CLANG_WARN_RANGE_LOOP_ANALYSIS = YES;
				CLANG_WARN_STRICT_PROTOTYPES = YES;
				CLANG_WARN_SUSPICIOUS_MOVE = YES;
				CLANG_WARN_UNGUARDED_AVAILABILITY = YES_AGGRESSIVE;
				CLANG_WARN_UNREACHABLE_CODE = YES;
				CLANG_WARN__DUPLICATE_METHOD_MATCH = YES;
				COPY_PHASE_STRIP = NO;
				DEBUG_INFORMATION_FORMAT = dwarf;
				ENABLE_STRICT_OBJC_MSGSEND = YES;
				ENABLE_TESTABILITY = YES;
				GCC_C_LANGUAGE_STANDARD = gnu11;
				GCC_DYNAMIC_NO_PIC = NO;
				GCC_NO_COMMON_BLOCKS = YES;
				GCC_OPTIMIZATION_LEVEL = 0;
				GCC_PREPROCESSOR_DEFINITIONS = (
					"DEBUG=1",
					"$(inherited)",
				);
				GCC_WARN_64_TO_32_BIT_CONVERSION = YES;
				GCC_WARN_ABOUT_RETURN_TYPE = YES_ERROR;
				GCC_WARN_UNDECLARED_SELECTOR = YES;
				GCC_WARN_UNINITIALIZED_AUTOS = YES_AGGRESSIVE;
				GCC_WARN_UNUSED_FUNCTION = YES;
				GCC_WARN_UNUSED_VARIABLE = YES;
				IPHONEOS_DEPLOYMENT_TARGET = 16.2;
				MTL_ENABLE_DEBUG_INFO = INCLUDE_SOURCE;
				MTL_FAST_MATH = YES;
				ONLY_ACTIVE_ARCH = YES;
				SDKROOT = iphoneos;
				SWIFT_ACTIVE_COMPILATION_CONDITIONS = DEBUG;
				SWIFT_OPTIMIZATION_LEVEL = "-Onone";
			};
			name = Debug;
		};
		0D9C2FA72A0476580036AF15 /* Release */ = {
			isa = XCBuildConfiguration;
			buildSettings = {
				ALWAYS_SEARCH_USER_PATHS = NO;
				CLANG_ANALYZER_NONNULL = YES;
				CLANG_ANALYZER_NUMBER_OBJECT_CONVERSION = YES_AGGRESSIVE;
				CLANG_CXX_LANGUAGE_STANDARD = "gnu++20";
				CLANG_ENABLE_MODULES = YES;
				CLANG_ENABLE_OBJC_ARC = YES;
				CLANG_ENABLE_OBJC_WEAK = YES;
				CLANG_WARN_BLOCK_CAPTURE_AUTORELEASING = YES;
				CLANG_WARN_BOOL_CONVERSION = YES;
				CLANG_WARN_COMMA = YES;
				CLANG_WARN_CONSTANT_CONVERSION = YES;
				CLANG_WARN_DEPRECATED_OBJC_IMPLEMENTATIONS = YES;
				CLANG_WARN_DIRECT_OBJC_ISA_USAGE = YES_ERROR;
				CLANG_WARN_DOCUMENTATION_COMMENTS = YES;
				CLANG_WARN_EMPTY_BODY = YES;
				CLANG_WARN_ENUM_CONVERSION = YES;
				CLANG_WARN_INFINITE_RECURSION = YES;
				CLANG_WARN_INT_CONVERSION = YES;
				CLANG_WARN_NON_LITERAL_NULL_CONVERSION = YES;
				CLANG_WARN_OBJC_IMPLICIT_RETAIN_SELF = YES;
				CLANG_WARN_OBJC_LITERAL_CONVERSION = YES;
				CLANG_WARN_OBJC_ROOT_CLASS = YES_ERROR;
				CLANG_WARN_QUOTED_INCLUDE_IN_FRAMEWORK_HEADER = YES;
				CLANG_WARN_RANGE_LOOP_ANALYSIS = YES;
				CLANG_WARN_STRICT_PROTOTYPES = YES;
				CLANG_WARN_SUSPICIOUS_MOVE = YES;
				CLANG_WARN_UNGUARDED_AVAILABILITY = YES_AGGRESSIVE;
				CLANG_WARN_UNREACHABLE_CODE = YES;
				CLANG_WARN__DUPLICATE_METHOD_MATCH = YES;
				COPY_PHASE_STRIP = NO;
				DEBUG_INFORMATION_FORMAT = "dwarf-with-dsym";
				ENABLE_NS_ASSERTIONS = NO;
				ENABLE_STRICT_OBJC_MSGSEND = YES;
				GCC_C_LANGUAGE_STANDARD = gnu11;
				GCC_NO_COMMON_BLOCKS = YES;
				GCC_WARN_64_TO_32_BIT_CONVERSION = YES;
				GCC_WARN_ABOUT_RETURN_TYPE = YES_ERROR;
				GCC_WARN_UNDECLARED_SELECTOR = YES;
				GCC_WARN_UNINITIALIZED_AUTOS = YES_AGGRESSIVE;
				GCC_WARN_UNUSED_FUNCTION = YES;
				GCC_WARN_UNUSED_VARIABLE = YES;
				IPHONEOS_DEPLOYMENT_TARGET = 16.2;
				MTL_ENABLE_DEBUG_INFO = NO;
				MTL_FAST_MATH = YES;
				SDKROOT = iphoneos;
				SWIFT_COMPILATION_MODE = wholemodule;
				SWIFT_OPTIMIZATION_LEVEL = "-O";
				VALIDATE_PRODUCT = YES;
			};
			name = Release;
		};
		0D9C2FA92A0476580036AF15 /* Debug */ = {
			isa = XCBuildConfiguration;
			buildSettings = {
				ASSETCATALOG_COMPILER_APPICON_NAME = AppIcon;
				ASSETCATALOG_COMPILER_GLOBAL_ACCENT_COLOR_NAME = AccentColor;
				CODE_SIGN_STYLE = Automatic;
				CURRENT_PROJECT_VERSION = 1;
				DEVELOPMENT_TEAM = LY2L9PT5K4;
				GENERATE_INFOPLIST_FILE = YES;
				INFOPLIST_FILE = Recipes/Info.plist;
				INFOPLIST_KEY_UIApplicationSupportsIndirectInputEvents = YES;
				INFOPLIST_KEY_UILaunchStoryboardName = LaunchScreen;
				INFOPLIST_KEY_UIMainStoryboardFile = Main;
				INFOPLIST_KEY_UISupportedInterfaceOrientations_iPad = "UIInterfaceOrientationPortrait UIInterfaceOrientationPortraitUpsideDown UIInterfaceOrientationLandscapeLeft UIInterfaceOrientationLandscapeRight";
				INFOPLIST_KEY_UISupportedInterfaceOrientations_iPhone = "UIInterfaceOrientationPortrait UIInterfaceOrientationLandscapeLeft UIInterfaceOrientationLandscapeRight";
				LD_RUNPATH_SEARCH_PATHS = (
					"$(inherited)",
					"@executable_path/Frameworks",
				);
				MARKETING_VERSION = 1.0;
				PRODUCT_BUNDLE_IDENTIFIER = com.salingClub.Recipes;
				PRODUCT_NAME = "$(TARGET_NAME)";
				SWIFT_EMIT_LOC_STRINGS = YES;
				SWIFT_VERSION = 5.0;
				TARGETED_DEVICE_FAMILY = "1,2";
			};
			name = Debug;
		};
		0D9C2FAA2A0476580036AF15 /* Release */ = {
			isa = XCBuildConfiguration;
			buildSettings = {
				ASSETCATALOG_COMPILER_APPICON_NAME = AppIcon;
				ASSETCATALOG_COMPILER_GLOBAL_ACCENT_COLOR_NAME = AccentColor;
				CODE_SIGN_STYLE = Automatic;
				CURRENT_PROJECT_VERSION = 1;
				DEVELOPMENT_TEAM = LY2L9PT5K4;
				GENERATE_INFOPLIST_FILE = YES;
				INFOPLIST_FILE = Recipes/Info.plist;
				INFOPLIST_KEY_UIApplicationSupportsIndirectInputEvents = YES;
				INFOPLIST_KEY_UILaunchStoryboardName = LaunchScreen;
				INFOPLIST_KEY_UIMainStoryboardFile = Main;
				INFOPLIST_KEY_UISupportedInterfaceOrientations_iPad = "UIInterfaceOrientationPortrait UIInterfaceOrientationPortraitUpsideDown UIInterfaceOrientationLandscapeLeft UIInterfaceOrientationLandscapeRight";
				INFOPLIST_KEY_UISupportedInterfaceOrientations_iPhone = "UIInterfaceOrientationPortrait UIInterfaceOrientationLandscapeLeft UIInterfaceOrientationLandscapeRight";
				LD_RUNPATH_SEARCH_PATHS = (
					"$(inherited)",
					"@executable_path/Frameworks",
				);
				MARKETING_VERSION = 1.0;
				PRODUCT_BUNDLE_IDENTIFIER = com.salingClub.Recipes;
				PRODUCT_NAME = "$(TARGET_NAME)";
				SWIFT_EMIT_LOC_STRINGS = YES;
				SWIFT_VERSION = 5.0;
				TARGETED_DEVICE_FAMILY = "1,2";
			};
			name = Release;
		};
		0D9C2FAC2A0476580036AF15 /* Debug */ = {
			isa = XCBuildConfiguration;
			buildSettings = {
				ALWAYS_EMBED_SWIFT_STANDARD_LIBRARIES = YES;
				BUNDLE_LOADER = "$(TEST_HOST)";
				CODE_SIGN_STYLE = Automatic;
				CURRENT_PROJECT_VERSION = 1;
				DEVELOPMENT_TEAM = LY2L9PT5K4;
				GENERATE_INFOPLIST_FILE = YES;
				IPHONEOS_DEPLOYMENT_TARGET = 16.2;
				MARKETING_VERSION = 1.0;
				PRODUCT_BUNDLE_IDENTIFIER = com.salingClub.RecipesTests;
				PRODUCT_NAME = "$(TARGET_NAME)";
				SWIFT_EMIT_LOC_STRINGS = NO;
				SWIFT_VERSION = 5.0;
				TARGETED_DEVICE_FAMILY = "1,2";
				TEST_HOST = "$(BUILT_PRODUCTS_DIR)/Recipes.app/$(BUNDLE_EXECUTABLE_FOLDER_PATH)/Recipes";
			};
			name = Debug;
		};
		0D9C2FAD2A0476580036AF15 /* Release */ = {
			isa = XCBuildConfiguration;
			buildSettings = {
				ALWAYS_EMBED_SWIFT_STANDARD_LIBRARIES = YES;
				BUNDLE_LOADER = "$(TEST_HOST)";
				CODE_SIGN_STYLE = Automatic;
				CURRENT_PROJECT_VERSION = 1;
				DEVELOPMENT_TEAM = LY2L9PT5K4;
				GENERATE_INFOPLIST_FILE = YES;
				IPHONEOS_DEPLOYMENT_TARGET = 16.2;
				MARKETING_VERSION = 1.0;
				PRODUCT_BUNDLE_IDENTIFIER = com.salingClub.RecipesTests;
				PRODUCT_NAME = "$(TARGET_NAME)";
				SWIFT_EMIT_LOC_STRINGS = NO;
				SWIFT_VERSION = 5.0;
				TARGETED_DEVICE_FAMILY = "1,2";
				TEST_HOST = "$(BUILT_PRODUCTS_DIR)/Recipes.app/$(BUNDLE_EXECUTABLE_FOLDER_PATH)/Recipes";
			};
			name = Release;
		};
		0D9C2FAF2A0476580036AF15 /* Debug */ = {
			isa = XCBuildConfiguration;
			buildSettings = {
				ALWAYS_EMBED_SWIFT_STANDARD_LIBRARIES = YES;
				CODE_SIGN_STYLE = Automatic;
				CURRENT_PROJECT_VERSION = 1;
				DEVELOPMENT_TEAM = LY2L9PT5K4;
				GENERATE_INFOPLIST_FILE = YES;
				MARKETING_VERSION = 1.0;
				PRODUCT_BUNDLE_IDENTIFIER = com.salingClub.RecipesUITests;
				PRODUCT_NAME = "$(TARGET_NAME)";
				SWIFT_EMIT_LOC_STRINGS = NO;
				SWIFT_VERSION = 5.0;
				TARGETED_DEVICE_FAMILY = "1,2";
				TEST_TARGET_NAME = Recipes;
			};
			name = Debug;
		};
		0D9C2FB02A0476580036AF15 /* Release */ = {
			isa = XCBuildConfiguration;
			buildSettings = {
				ALWAYS_EMBED_SWIFT_STANDARD_LIBRARIES = YES;
				CODE_SIGN_STYLE = Automatic;
				CURRENT_PROJECT_VERSION = 1;
				DEVELOPMENT_TEAM = LY2L9PT5K4;
				GENERATE_INFOPLIST_FILE = YES;
				MARKETING_VERSION = 1.0;
				PRODUCT_BUNDLE_IDENTIFIER = com.salingClub.RecipesUITests;
				PRODUCT_NAME = "$(TARGET_NAME)";
				SWIFT_EMIT_LOC_STRINGS = NO;
				SWIFT_VERSION = 5.0;
				TARGETED_DEVICE_FAMILY = "1,2";
				TEST_TARGET_NAME = Recipes;
			};
			name = Release;
		};
/* End XCBuildConfiguration section */

/* Begin XCConfigurationList section */
		0D9C2F762A0476520036AF15 /* Build configuration list for PBXProject "Recipes" */ = {
			isa = XCConfigurationList;
			buildConfigurations = (
				0D9C2FA62A0476580036AF15 /* Debug */,
				0D9C2FA72A0476580036AF15 /* Release */,
			);
			defaultConfigurationIsVisible = 0;
			defaultConfigurationName = Release;
		};
		0D9C2FA82A0476580036AF15 /* Build configuration list for PBXNativeTarget "Recipes" */ = {
			isa = XCConfigurationList;
			buildConfigurations = (
				0D9C2FA92A0476580036AF15 /* Debug */,
				0D9C2FAA2A0476580036AF15 /* Release */,
			);
			defaultConfigurationIsVisible = 0;
			defaultConfigurationName = Release;
		};
		0D9C2FAB2A0476580036AF15 /* Build configuration list for PBXNativeTarget "RecipesTests" */ = {
			isa = XCConfigurationList;
			buildConfigurations = (
				0D9C2FAC2A0476580036AF15 /* Debug */,
				0D9C2FAD2A0476580036AF15 /* Release */,
			);
			defaultConfigurationIsVisible = 0;
			defaultConfigurationName = Release;
		};
		0D9C2FAE2A0476580036AF15 /* Build configuration list for PBXNativeTarget "RecipesUITests" */ = {
			isa = XCConfigurationList;
			buildConfigurations = (
				0D9C2FAF2A0476580036AF15 /* Debug */,
				0D9C2FB02A0476580036AF15 /* Release */,
			);
			defaultConfigurationIsVisible = 0;
			defaultConfigurationName = Release;
		};
/* End XCConfigurationList section */

/* Begin XCVersionGroup section */
		0D9C2F872A0476520036AF15 /* Recipes.xcdatamodeld */ = {
			isa = XCVersionGroup;
			children = (
				0D9C2F882A0476520036AF15 /* Recipes.xcdatamodel */,
			);
			currentVersion = 0D9C2F882A0476520036AF15 /* Recipes.xcdatamodel */;
			path = Recipes.xcdatamodeld;
			sourceTree = "<group>";
			versionGroupType = wrapper.xcdatamodel;
		};
/* End XCVersionGroup section */
	};
	rootObject = 0D9C2F732A0476520036AF15 /* Project object */;
}
